
Microsoft Visual Studio Solution File, Format Version 12.00
# Visual Studio 14
VisualStudioVersion = 14.0.24720.0
MinimumVisualStudioVersion = 10.0.40219.1
Project("{FAE04EC0-301F-11D3-BF4B-00C04F79EFBC}") = "Presentation.Beer.Registrar", "Presentation\Presentation.Beer.Registrar\Presentation.Beer.Registrar.csproj", "{921A831E-97BE-4008-AEFD-460A0D64EA4D}"
EndProject
Project("{2150E333-8FDC-42A3-9474-1A3956D46DE8}") = "Presentation", "Presentation", "{E358B550-0E95-46B6-B9FF-A3040F1B62DD}"
EndProject
Project("{FAE04EC0-301F-11D3-BF4B-00C04F79EFBC}") = "Common.Web", "Common\Common.Web\Common.Web.csproj", "{399068B8-4069-457E-878A-F995D4038918}"
EndProject
Global
	GlobalSection(SolutionConfigurationPlatforms) = preSolution
		Debug|Any CPU = Debug|Any CPU
		Release|Any CPU = Release|Any CPU
	EndGlobalSection
	GlobalSection(ProjectConfigurationPlatforms) = postSolution
		{921A831E-97BE-4008-AEFD-460A0D64EA4D}.Debug|Any CPU.ActiveCfg = Debug|Any CPU
		{921A831E-97BE-4008-AEFD-460A0D64EA4D}.Debug|Any CPU.Build.0 = Debug|Any CPU
		{921A831E-97BE-4008-AEFD-460A0D64EA4D}.Release|Any CPU.ActiveCfg = Release|Any CPU
		{921A831E-97BE-4008-AEFD-460A0D64EA4D}.Release|Any CPU.Build.0 = Release|Any CPU
		{399068B8-4069-457E-878A-F995D4038918}.Debug|Any CPU.ActiveCfg = Debug|Any CPU
		{399068B8-4069-457E-878A-F995D4038918}.Debug|Any CPU.Build.0 = Debug|Any CPU
		{399068B8-4069-457E-878A-F995D4038918}.Release|Any CPU.ActiveCfg = Release|Any CPU
		{399068B8-4069-457E-878A-F995D4038918}.Release|Any CPU.Build.0 = Release|Any CPU
	EndGlobalSection
	GlobalSection(SolutionProperties) = preSolution
		HideSolutionNode = FALSE
	EndGlobalSection
	GlobalSection(NestedProjects) = preSolution
		{921A831E-97BE-4008-AEFD-460A0D64EA4D} = {E358B550-0E95-46B6-B9FF-A3040F1B62DD}
		{399068B8-4069-457E-878A-F995D4038918} = {E358B550-0E95-46B6-B9FF-A3040F1B62DD}
	EndGlobalSection
EndGlobal
